
Microsoft Visual Studio Solution File, Format Version 12.00
# Visual Studio 15
VisualStudioVersion = 15.0.27428.2037
MinimumVisualStudioVersion = 10.0.40219.1
Project("{FAE04EC0-301F-11D3-BF4B-00C04F79EFBC}") = "ERES", "ERES\ERES.csproj", "{B49F3DA0-777B-4F2A-9E2E-AB1AF856139F}"
	ProjectSection(ProjectDependencies) = postProject
		{5BB81442-7646-47D5-AD87-50C12A3F896C} = {5BB81442-7646-47D5-AD87-50C12A3F896C}
		{F38CF343-031F-4DF6-A3D9-24EE55B2C065} = {F38CF343-031F-4DF6-A3D9-24EE55B2C065}
		{EC2BBDCF-D746-44F5-B215-5BA32538A7A0} = {EC2BBDCF-D746-44F5-B215-5BA32538A7A0}
	EndProjectSection
EndProject
Project("{FAE04EC0-301F-11D3-BF4B-00C04F79EFBC}") = "ORM", "ORM\ORM.csproj", "{F38CF343-031F-4DF6-A3D9-24EE55B2C065}"
EndProject
Project("{FAE04EC0-301F-11D3-BF4B-00C04F79EFBC}") = "TrainMovement", "TrainMovement\TrainMovement.csproj", "{5BB81442-7646-47D5-AD87-50C12A3F896C}"
	ProjectSection(ProjectDependencies) = postProject
		{F38CF343-031F-4DF6-A3D9-24EE55B2C065} = {F38CF343-031F-4DF6-A3D9-24EE55B2C065}
	EndProjectSection
EndProject
Project("{FAE04EC0-301F-11D3-BF4B-00C04F79EFBC}") = "OptimalTrajectory", "OptimalTrajectory\OptimalTrajectory.csproj", "{EC2BBDCF-D746-44F5-B215-5BA32538A7A0}"
EndProject
Project("{FAE04EC0-301F-11D3-BF4B-00C04F79EFBC}") = "Helpers", "Helpers\Helpers.csproj", "{1F94CF55-9F79-44E8-A423-5B6D54A219D1}"
EndProject
Project("{FAE04EC0-301F-11D3-BF4B-00C04F79EFBC}") = "OptimalDistribution", "OptimalDistribution\OptimalDistribution.csproj", "{FDEA7D01-B9A2-4DBA-85FA-706337138779}"
EndProject
Global
	GlobalSection(SolutionConfigurationPlatforms) = preSolution
		Debug|Any CPU = Debug|Any CPU
		Release|Any CPU = Release|Any CPU
	EndGlobalSection
	GlobalSection(ProjectConfigurationPlatforms) = postSolution
		{B49F3DA0-777B-4F2A-9E2E-AB1AF856139F}.Debug|Any CPU.ActiveCfg = Debug|Any CPU
		{B49F3DA0-777B-4F2A-9E2E-AB1AF856139F}.Debug|Any CPU.Build.0 = Debug|Any CPU
		{B49F3DA0-777B-4F2A-9E2E-AB1AF856139F}.Release|Any CPU.ActiveCfg = Release|Any CPU
		{B49F3DA0-777B-4F2A-9E2E-AB1AF856139F}.Release|Any CPU.Build.0 = Release|Any CPU
		{F38CF343-031F-4DF6-A3D9-24EE55B2C065}.Debug|Any CPU.ActiveCfg = Debug|Any CPU
		{F38CF343-031F-4DF6-A3D9-24EE55B2C065}.Debug|Any CPU.Build.0 = Debug|Any CPU
		{F38CF343-031F-4DF6-A3D9-24EE55B2C065}.Release|Any CPU.ActiveCfg = Release|Any CPU
		{F38CF343-031F-4DF6-A3D9-24EE55B2C065}.Release|Any CPU.Build.0 = Release|Any CPU
		{5BB81442-7646-47D5-AD87-50C12A3F896C}.Debug|Any CPU.ActiveCfg = Debug|Any CPU
		{5BB81442-7646-47D5-AD87-50C12A3F896C}.Debug|Any CPU.Build.0 = Debug|Any CPU
		{5BB81442-7646-47D5-AD87-50C12A3F896C}.Release|Any CPU.ActiveCfg = Release|Any CPU
		{5BB81442-7646-47D5-AD87-50C12A3F896C}.Release|Any CPU.Build.0 = Release|Any CPU
		{EC2BBDCF-D746-44F5-B215-5BA32538A7A0}.Debug|Any CPU.ActiveCfg = Debug|Any CPU
		{EC2BBDCF-D746-44F5-B215-5BA32538A7A0}.Debug|Any CPU.Build.0 = Debug|Any CPU
		{EC2BBDCF-D746-44F5-B215-5BA32538A7A0}.Release|Any CPU.ActiveCfg = Release|Any CPU
		{EC2BBDCF-D746-44F5-B215-5BA32538A7A0}.Release|Any CPU.Build.0 = Release|Any CPU
		{1F94CF55-9F79-44E8-A423-5B6D54A219D1}.Debug|Any CPU.ActiveCfg = Debug|Any CPU
		{1F94CF55-9F79-44E8-A423-5B6D54A219D1}.Debug|Any CPU.Build.0 = Debug|Any CPU
		{1F94CF55-9F79-44E8-A423-5B6D54A219D1}.Release|Any CPU.ActiveCfg = Release|Any CPU
		{1F94CF55-9F79-44E8-A423-5B6D54A219D1}.Release|Any CPU.Build.0 = Release|Any CPU
		{FDEA7D01-B9A2-4DBA-85FA-706337138779}.Debug|Any CPU.ActiveCfg = Debug|Any CPU
		{FDEA7D01-B9A2-4DBA-85FA-706337138779}.Debug|Any CPU.Build.0 = Debug|Any CPU
		{FDEA7D01-B9A2-4DBA-85FA-706337138779}.Release|Any CPU.ActiveCfg = Release|Any CPU
		{FDEA7D01-B9A2-4DBA-85FA-706337138779}.Release|Any CPU.Build.0 = Release|Any CPU
	EndGlobalSection
	GlobalSection(SolutionProperties) = preSolution
		HideSolutionNode = FALSE
	EndGlobalSection
	GlobalSection(ExtensibilityGlobals) = postSolution
		SolutionGuid = {860E9F12-321F-4675-9887-430C231333E9}
	EndGlobalSection
EndGlobal
